
Microsoft Visual Studio Solution File, Format Version 12.00
# Visual Studio Version 16
VisualStudioVersion = 16.0.32802.440
MinimumVisualStudioVersion = 10.0.40219.1
Project("{FAE04EC0-301F-11D3-BF4B-00C04F79EFBC}") = "digitaldate.Android", "digitaldate.Android\digitaldate.Android.csproj", "{5F83893B-9EF2-4008-B2B0-2A353041FA55}"
EndProject
Project("{FAE04EC0-301F-11D3-BF4B-00C04F79EFBC}") = "digitaldate.iOS", "digitaldate.iOS\digitaldate.iOS.csproj", "{163EC23B-2D28-4B38-99C7-8CDBBF45E0AE}"
EndProject
Global
	GlobalSection(SolutionConfigurationPlatforms) = preSolution
		Debug|Any CPU = Debug|Any CPU
		Debug|iPhone = Debug|iPhone
		Debug|iPhoneSimulator = Debug|iPhoneSimulator
		Release|Any CPU = Release|Any CPU
		Release|iPhone = Release|iPhone
		Release|iPhoneSimulator = Release|iPhoneSimulator
	EndGlobalSection
	GlobalSection(ProjectConfigurationPlatforms) = postSolution
		{5F83893B-9EF2-4008-B2B0-2A353041FA55}.Debug|Any CPU.ActiveCfg = Debug|Any CPU
		{5F83893B-9EF2-4008-B2B0-2A353041FA55}.Debug|Any CPU.Build.0 = Debug|Any CPU
		{5F83893B-9EF2-4008-B2B0-2A353041FA55}.Debug|Any CPU.Deploy.0 = Debug|Any CPU
		{5F83893B-9EF2-4008-B2B0-2A353041FA55}.Debug|iPhone.ActiveCfg = Debug|Any CPU
		{5F83893B-9EF2-4008-B2B0-2A353041FA55}.Debug|iPhone.Build.0 = Debug|Any CPU
		{5F83893B-9EF2-4008-B2B0-2A353041FA55}.Debug|iPhone.Deploy.0 = Debug|Any CPU
		{5F83893B-9EF2-4008-B2B0-2A353041FA55}.Debug|iPhoneSimulator.ActiveCfg = Debug|Any CPU
		{5F83893B-9EF2-4008-B2B0-2A353041FA55}.Debug|iPhoneSimulator.Build.0 = Debug|Any CPU
		{5F83893B-9EF2-4008-B2B0-2A353041FA55}.Debug|iPhoneSimulator.Deploy.0 = Debug|Any CPU
		{5F83893B-9EF2-4008-B2B0-2A353041FA55}.Release|Any CPU.ActiveCfg = Release|Any CPU
		{5F83893B-9EF2-4008-B2B0-2A353041FA55}.Release|Any CPU.Build.0 = Release|Any CPU
		{5F83893B-9EF2-4008-B2B0-2A353041FA55}.Release|Any CPU.Deploy.0 = Release|Any CPU
		{5F83893B-9EF2-4008-B2B0-2A353041FA55}.Release|iPhone.ActiveCfg = Release|Any CPU
		{5F83893B-9EF2-4008-B2B0-2A353041FA55}.Release|iPhone.Build.0 = Release|Any CPU
		{5F83893B-9EF2-4008-B2B0-2A353041FA55}.Release|iPhone.Deploy.0 = Release|Any CPU
		{5F83893B-9EF2-4008-B2B0-2A353041FA55}.Release|iPhoneSimulator.ActiveCfg = Release|Any CPU
		{5F83893B-9EF2-4008-B2B0-2A353041FA55}.Release|iPhoneSimulator.Build.0 = Release|Any CPU
		{5F83893B-9EF2-4008-B2B0-2A353041FA55}.Release|iPhoneSimulator.Deploy.0 = Release|Any CPU
		{163EC23B-2D28-4B38-99C7-8CDBBF45E0AE}.Debug|Any CPU.ActiveCfg = Debug|iPhone
		{163EC23B-2D28-4B38-99C7-8CDBBF45E0AE}.Debug|Any CPU.Build.0 = Debug|iPhone
		{163EC23B-2D28-4B38-99C7-8CDBBF45E0AE}.Debug|Any CPU.Deploy.0 = Debug|iPhone
		{163EC23B-2D28-4B38-99C7-8CDBBF45E0AE}.Debug|iPhone.ActiveCfg = Debug|iPhone
		{163EC23B-2D28-4B38-99C7-8CDBBF45E0AE}.Debug|iPhone.Build.0 = Debug|iPhone
		{163EC23B-2D28-4B38-99C7-8CDBBF45E0AE}.Debug|iPhone.Deploy.0 = Debug|iPhone
		{163EC23B-2D28-4B38-99C7-8CDBBF45E0AE}.Debug|iPhoneSimulator.ActiveCfg = Debug|iPhoneSimulator
		{163EC23B-2D28-4B38-99C7-8CDBBF45E0AE}.Debug|iPhoneSimulator.Build.0 = Debug|iPhoneSimulator
		{163EC23B-2D28-4B38-99C7-8CDBBF45E0AE}.Debug|iPhoneSimulator.Deploy.0 = Debug|iPhoneSimulator
		{163EC23B-2D28-4B38-99C7-8CDBBF45E0AE}.Release|Any CPU.ActiveCfg = Release|iPhoneSimulator
		{163EC23B-2D28-4B38-99C7-8CDBBF45E0AE}.Release|Any CPU.Build.0 = Release|iPhoneSimulator
		{163EC23B-2D28-4B38-99C7-8CDBBF45E0AE}.Release|Any CPU.Deploy.0 = Release|iPhoneSimulator
		{163EC23B-2D28-4B38-99C7-8CDBBF45E0AE}.Release|iPhone.ActiveCfg = Release|iPhone
		{163EC23B-2D28-4B38-99C7-8CDBBF45E0AE}.Release|iPhone.Build.0 = Release|iPhone
		{163EC23B-2D28-4B38-99C7-8CDBBF45E0AE}.Release|iPhone.Deploy.0 = Release|iPhone
		{163EC23B-2D28-4B38-99C7-8CDBBF45E0AE}.Release|iPhoneSimulator.ActiveCfg = Release|iPhoneSimulator
		{163EC23B-2D28-4B38-99C7-8CDBBF45E0AE}.Release|iPhoneSimulator.Build.0 = Release|iPhoneSimulator
		{163EC23B-2D28-4B38-99C7-8CDBBF45E0AE}.Release|iPhoneSimulator.Deploy.0 = Release|iPhoneSimulator
	EndGlobalSection
	GlobalSection(SolutionProperties) = preSolution
		HideSolutionNode = FALSE
	EndGlobalSection
	GlobalSection(ExtensibilityGlobals) = postSolution
		SolutionGuid = {26DDF0A1-BF23-471C-A7E4-89B58EFB6BAF}
	EndGlobalSection
EndGlobal
